// !$*UTF8*$!
{
	archiveVersion = 1;
	classes = {
	};
	objectVersion = 56;
	objects = {

/* Begin PBXBuildFile section */
		B7033FDD2BA9CE12005E7FAC /* ListeHebergementView.swift in Sources */ = {isa = PBXBuildFile; fileRef = B7033FDC2BA9CE12005E7FAC /* ListeHebergementView.swift */; };
		B7033FDF2BA9CE3F005E7FAC /* HebergementViewModel.swift in Sources */ = {isa = PBXBuildFile; fileRef = B7033FDE2BA9CE3F005E7FAC /* HebergementViewModel.swift */; };
		B7033FE12BA9CE86005E7FAC /* Hebergement.swift in Sources */ = {isa = PBXBuildFile; fileRef = B7033FE02BA9CE86005E7FAC /* Hebergement.swift */; };
		B7033FE32BA9CF8D005E7FAC /* HebergementResponse.swift in Sources */ = {isa = PBXBuildFile; fileRef = B7033FE22BA9CF8D005E7FAC /* HebergementResponse.swift */; };
		B7033FE52BAA201D005E7FAC /* CreateHebergementView.swift in Sources */ = {isa = PBXBuildFile; fileRef = B7033FE42BAA201D005E7FAC /* CreateHebergementView.swift */; };
		B78FCD812BA21E3900BA2159 /* Festival.swift in Sources */ = {isa = PBXBuildFile; fileRef = B78FCD802BA21E3900BA2159 /* Festival.swift */; };
		B78FCD832BA21E4300BA2159 /* Poste.swift in Sources */ = {isa = PBXBuildFile; fileRef = B78FCD822BA21E4300BA2159 /* Poste.swift */; };
		B78FCD872BA2202600BA2159 /* PosteViewModel.swift in Sources */ = {isa = PBXBuildFile; fileRef = B78FCD862BA2202600BA2159 /* PosteViewModel.swift */; };
		B78FCD892BA22D9700BA2159 /* FestivalResponse.swift in Sources */ = {isa = PBXBuildFile; fileRef = B78FCD882BA22D9700BA2159 /* FestivalResponse.swift */; };
		B78FCD8B2BA2306700BA2159 /* PosteReponse.swift in Sources */ = {isa = PBXBuildFile; fileRef = B78FCD8A2BA2306700BA2159 /* PosteReponse.swift */; };
		B78FCD8D2BA23AFC00BA2159 /* PosteDetailView.swift in Sources */ = {isa = PBXBuildFile; fileRef = B78FCD8C2BA23AFC00BA2159 /* PosteDetailView.swift */; };
		B78FCD8F2BA2EB5E00BA2159 /* InscriptionResponse.swift in Sources */ = {isa = PBXBuildFile; fileRef = B78FCD8E2BA2EB5E00BA2159 /* InscriptionResponse.swift */; };
		B78FCD912BA2EB9100BA2159 /* InscriptionViewModel.swift in Sources */ = {isa = PBXBuildFile; fileRef = B78FCD902BA2EB9100BA2159 /* InscriptionViewModel.swift */; };
		B78FCD932BA2EBD000BA2159 /* Inscription.swift in Sources */ = {isa = PBXBuildFile; fileRef = B78FCD922BA2EBD000BA2159 /* Inscription.swift */; };
		B78FCD952BA2F97600BA2159 /* Creneau.swift in Sources */ = {isa = PBXBuildFile; fileRef = B78FCD942BA2F97600BA2159 /* Creneau.swift */; };
		B78FCD972BA3145500BA2159 /* FestivalView.swift in Sources */ = {isa = PBXBuildFile; fileRef = B78FCD962BA3145500BA2159 /* FestivalView.swift */; };
		B78FCD9B2BA3997600BA2159 /* NotificationView.swift in Sources */ = {isa = PBXBuildFile; fileRef = B78FCD9A2BA3997600BA2159 /* NotificationView.swift */; };
		B78FCD9D2BA3999A00BA2159 /* NotificationResponse.swift in Sources */ = {isa = PBXBuildFile; fileRef = B78FCD9C2BA3999A00BA2159 /* NotificationResponse.swift */; };
		B78FCD9F2BA399D700BA2159 /* NotificationsView.swift in Sources */ = {isa = PBXBuildFile; fileRef = B78FCD9E2BA399D700BA2159 /* NotificationsView.swift */; };
		B78FCDA12BA399F100BA2159 /* Notification.swift in Sources */ = {isa = PBXBuildFile; fileRef = B78FCDA02BA399F100BA2159 /* Notification.swift */; };
		B7A01A6F2BA4A72F002A0C03 /* Supervision.swift in Sources */ = {isa = PBXBuildFile; fileRef = B7A01A6E2BA4A72F002A0C03 /* Supervision.swift */; };
		B7A01A712BA4A8A2002A0C03 /* SupervisionResponse.swift in Sources */ = {isa = PBXBuildFile; fileRef = B7A01A702BA4A8A2002A0C03 /* SupervisionResponse.swift */; };
		B7A01A7C2BA84A21002A0C03 /* FestivalAPP.xcodeproj in Resources */ = {isa = PBXBuildFile; fileRef = B7A01A7B2BA84A21002A0C03 /* FestivalAPP.xcodeproj */; };
		B7A01A8B2BA853B0002A0C03 /* placeholder.png in Resources */ = {isa = PBXBuildFile; fileRef = B7A01A8A2BA853B0002A0C03 /* placeholder.png */; };
		B7A01A912BA85629002A0C03 /* LoginView.swift in Sources */ = {isa = PBXBuildFile; fileRef = B7A01A902BA85629002A0C03 /* LoginView.swift */; };
		B7A01A942BA85684002A0C03 /* PrimaryButton.swift in Sources */ = {isa = PBXBuildFile; fileRef = B7A01A932BA85684002A0C03 /* PrimaryButton.swift */; };
		B7A01A962BA857AB002A0C03 /* logo.png in Resources */ = {isa = PBXBuildFile; fileRef = B7A01A952BA857AB002A0C03 /* logo.png */; };
		B7E2792C2BA18E6F00987C0A /* MyApp.swift in Sources */ = {isa = PBXBuildFile; fileRef = B7E2792B2BA18E6F00987C0A /* MyApp.swift */; };
		B7E2792E2BA18E6F00987C0A /* ContentView.swift in Sources */ = {isa = PBXBuildFile; fileRef = B7E2792D2BA18E6F00987C0A /* ContentView.swift */; };
		B7E2793A2BA18FBB00987C0A /* InscrireView.swift in Sources */ = {isa = PBXBuildFile; fileRef = B7E279392BA18FBB00987C0A /* InscrireView.swift */; };
		B7E2793C2BA18FD800987C0A /* ListeInscriptionView.swift in Sources */ = {isa = PBXBuildFile; fileRef = B7E2793B2BA18FD800987C0A /* ListeInscriptionView.swift */; };
		B7E2793E2BA18FF000987C0A /* ListeJeuView.swift in Sources */ = {isa = PBXBuildFile; fileRef = B7E2793D2BA18FF000987C0A /* ListeJeuView.swift */; };
		B7E279402BA1903600987C0A /* ListePosteView.swift in Sources */ = {isa = PBXBuildFile; fileRef = B7E2793F2BA1903600987C0A /* ListePosteView.swift */; };
		B7E279422BA1905300987C0A /* LoginResponse.swift in Sources */ = {isa = PBXBuildFile; fileRef = B7E279412BA1905300987C0A /* LoginResponse.swift */; };
		B7E279462BA190BE00987C0A /* ProfilView.swift in Sources */ = {isa = PBXBuildFile; fileRef = B7E279452BA190BE00987C0A /* ProfilView.swift */; };
		B7E279482BA190EF00987C0A /* User.swift in Sources */ = {isa = PBXBuildFile; fileRef = B7E279472BA190EF00987C0A /* User.swift */; };
		B7E279772BA1A7DC00987C0A /* test.swift in Sources */ = {isa = PBXBuildFile; fileRef = B7E279762BA1A7DC00987C0A /* test.swift */; };
		B7E2797E2BA1CEB600987C0A /* Navbar.swift in Sources */ = {isa = PBXBuildFile; fileRef = B7E2797D2BA1CEB600987C0A /* Navbar.swift */; };
		B7E279872BA2487F00987C0A /* FestivalUtils.swift in Sources */ = {isa = PBXBuildFile; fileRef = B7E279862BA2487F00987C0A /* FestivalUtils.swift */; };
		B7E279892BA2684E00987C0A /* JeuViewModel.swift in Sources */ = {isa = PBXBuildFile; fileRef = B7E279882BA2684E00987C0A /* JeuViewModel.swift */; };
		B7E2798B2BA268FE00987C0A /* Espace.swift in Sources */ = {isa = PBXBuildFile; fileRef = B7E2798A2BA268FE00987C0A /* Espace.swift */; };
		B7E2798D2BA26B4700987C0A /* Jeu.swift in Sources */ = {isa = PBXBuildFile; fileRef = B7E2798C2BA26B4700987C0A /* Jeu.swift */; };
		B7E2798F2BA26D5400987C0A /* JeuEspaceResponse.swift in Sources */ = {isa = PBXBuildFile; fileRef = B7E2798E2BA26D5400987C0A /* JeuEspaceResponse.swift */; };
		B7E279912BA26F2F00987C0A /* JeuResponse.swift in Sources */ = {isa = PBXBuildFile; fileRef = B7E279902BA26F2F00987C0A /* JeuResponse.swift */; };
		B7E279932BA270FD00987C0A /* EspaceDetailView.swift in Sources */ = {isa = PBXBuildFile; fileRef = B7E279922BA270FD00987C0A /* EspaceDetailView.swift */; };
/* End PBXBuildFile section */

/* Begin PBXFileReference section */
		B7033FDC2BA9CE12005E7FAC /* ListeHebergementView.swift */ = {isa = PBXFileReference; lastKnownFileType = sourcecode.swift; path = ListeHebergementView.swift; sourceTree = "<group>"; };
		B7033FDE2BA9CE3F005E7FAC /* HebergementViewModel.swift */ = {isa = PBXFileReference; lastKnownFileType = sourcecode.swift; path = HebergementViewModel.swift; sourceTree = "<group>"; };
		B7033FE02BA9CE86005E7FAC /* Hebergement.swift */ = {isa = PBXFileReference; lastKnownFileType = sourcecode.swift; path = Hebergement.swift; sourceTree = "<group>"; };
		B7033FE22BA9CF8D005E7FAC /* HebergementResponse.swift */ = {isa = PBXFileReference; lastKnownFileType = sourcecode.swift; path = HebergementResponse.swift; sourceTree = "<group>"; };
		B7033FE42BAA201D005E7FAC /* CreateHebergementView.swift */ = {isa = PBXFileReference; lastKnownFileType = sourcecode.swift; path = CreateHebergementView.swift; sourceTree = "<group>"; };
		B78FCD802BA21E3900BA2159 /* Festival.swift */ = {isa = PBXFileReference; lastKnownFileType = sourcecode.swift; path = Festival.swift; sourceTree = "<group>"; };
		B78FCD822BA21E4300BA2159 /* Poste.swift */ = {isa = PBXFileReference; lastKnownFileType = sourcecode.swift; path = Poste.swift; sourceTree = "<group>"; };
		B78FCD862BA2202600BA2159 /* PosteViewModel.swift */ = {isa = PBXFileReference; lastKnownFileType = sourcecode.swift; path = PosteViewModel.swift; sourceTree = "<group>"; };
		B78FCD882BA22D9700BA2159 /* FestivalResponse.swift */ = {isa = PBXFileReference; lastKnownFileType = sourcecode.swift; path = FestivalResponse.swift; sourceTree = "<group>"; };
		B78FCD8A2BA2306700BA2159 /* PosteReponse.swift */ = {isa = PBXFileReference; lastKnownFileType = sourcecode.swift; path = PosteReponse.swift; sourceTree = "<group>"; };
		B78FCD8C2BA23AFC00BA2159 /* PosteDetailView.swift */ = {isa = PBXFileReference; lastKnownFileType = sourcecode.swift; path = PosteDetailView.swift; sourceTree = "<group>"; };
		B78FCD8E2BA2EB5E00BA2159 /* InscriptionResponse.swift */ = {isa = PBXFileReference; lastKnownFileType = sourcecode.swift; path = InscriptionResponse.swift; sourceTree = "<group>"; };
		B78FCD902BA2EB9100BA2159 /* InscriptionViewModel.swift */ = {isa = PBXFileReference; lastKnownFileType = sourcecode.swift; path = InscriptionViewModel.swift; sourceTree = "<group>"; };
		B78FCD922BA2EBD000BA2159 /* Inscription.swift */ = {isa = PBXFileReference; lastKnownFileType = sourcecode.swift; path = Inscription.swift; sourceTree = "<group>"; };
		B78FCD942BA2F97600BA2159 /* Creneau.swift */ = {isa = PBXFileReference; lastKnownFileType = sourcecode.swift; path = Creneau.swift; sourceTree = "<group>"; };
		B78FCD962BA3145500BA2159 /* FestivalView.swift */ = {isa = PBXFileReference; lastKnownFileType = sourcecode.swift; path = FestivalView.swift; sourceTree = "<group>"; };
		B78FCD9A2BA3997600BA2159 /* NotificationView.swift */ = {isa = PBXFileReference; lastKnownFileType = sourcecode.swift; path = NotificationView.swift; sourceTree = "<group>"; };
		B78FCD9C2BA3999A00BA2159 /* NotificationResponse.swift */ = {isa = PBXFileReference; lastKnownFileType = sourcecode.swift; path = NotificationResponse.swift; sourceTree = "<group>"; };
		B78FCD9E2BA399D700BA2159 /* NotificationsView.swift */ = {isa = PBXFileReference; lastKnownFileType = sourcecode.swift; path = NotificationsView.swift; sourceTree = "<group>"; };
		B78FCDA02BA399F100BA2159 /* Notification.swift */ = {isa = PBXFileReference; lastKnownFileType = sourcecode.swift; path = Notification.swift; sourceTree = "<group>"; };
		B7A01A6E2BA4A72F002A0C03 /* Supervision.swift */ = {isa = PBXFileReference; lastKnownFileType = sourcecode.swift; path = Supervision.swift; sourceTree = "<group>"; };
		B7A01A702BA4A8A2002A0C03 /* SupervisionResponse.swift */ = {isa = PBXFileReference; lastKnownFileType = sourcecode.swift; path = SupervisionResponse.swift; sourceTree = "<group>"; };
		B7A01A7B2BA84A21002A0C03 /* FestivalAPP.xcodeproj */ = {isa = PBXFileReference; lastKnownFileType = "wrapper.pb-project"; path = FestivalAPP.xcodeproj; sourceTree = "<group>"; };
		B7A01A8A2BA853B0002A0C03 /* placeholder.png */ = {isa = PBXFileReference; lastKnownFileType = image.png; name = placeholder.png; path = ../../../../Downloads/placeholder.png; sourceTree = "<group>"; };
		B7A01A902BA85629002A0C03 /* LoginView.swift */ = {isa = PBXFileReference; lastKnownFileType = sourcecode.swift; path = LoginView.swift; sourceTree = "<group>"; };
		B7A01A932BA85684002A0C03 /* PrimaryButton.swift */ = {isa = PBXFileReference; lastKnownFileType = sourcecode.swift; path = PrimaryButton.swift; sourceTree = "<group>"; };
		B7A01A952BA857AB002A0C03 /* logo.png */ = {isa = PBXFileReference; lastKnownFileType = image.png; name = logo.png; path = ../../../../Downloads/logo.png; sourceTree = "<group>"; };
		B7E279282BA18E6F00987C0A /* FestivalAPP.app */ = {isa = PBXFileReference; explicitFileType = wrapper.application; includeInIndex = 0; path = FestivalAPP.app; sourceTree = BUILT_PRODUCTS_DIR; };
		B7E2792B2BA18E6F00987C0A /* MyApp.swift */ = {isa = PBXFileReference; lastKnownFileType = sourcecode.swift; path = MyApp.swift; sourceTree = "<group>"; };
		B7E2792D2BA18E6F00987C0A /* ContentView.swift */ = {isa = PBXFileReference; lastKnownFileType = sourcecode.swift; path = ContentView.swift; sourceTree = "<group>"; };
		B7E279392BA18FBB00987C0A /* InscrireView.swift */ = {isa = PBXFileReference; lastKnownFileType = sourcecode.swift; path = InscrireView.swift; sourceTree = "<group>"; };
		B7E2793B2BA18FD800987C0A /* ListeInscriptionView.swift */ = {isa = PBXFileReference; lastKnownFileType = sourcecode.swift; path = ListeInscriptionView.swift; sourceTree = "<group>"; };
		B7E2793D2BA18FF000987C0A /* ListeJeuView.swift */ = {isa = PBXFileReference; lastKnownFileType = sourcecode.swift; path = ListeJeuView.swift; sourceTree = "<group>"; };
		B7E2793F2BA1903600987C0A /* ListePosteView.swift */ = {isa = PBXFileReference; lastKnownFileType = sourcecode.swift; path = ListePosteView.swift; sourceTree = "<group>"; };
		B7E279412BA1905300987C0A /* LoginResponse.swift */ = {isa = PBXFileReference; lastKnownFileType = sourcecode.swift; path = LoginResponse.swift; sourceTree = "<group>"; };
		B7E279452BA190BE00987C0A /* ProfilView.swift */ = {isa = PBXFileReference; lastKnownFileType = sourcecode.swift; path = ProfilView.swift; sourceTree = "<group>"; };
		B7E279472BA190EF00987C0A /* User.swift */ = {isa = PBXFileReference; lastKnownFileType = sourcecode.swift; path = User.swift; sourceTree = "<group>"; };
		B7E279762BA1A7DC00987C0A /* test.swift */ = {isa = PBXFileReference; lastKnownFileType = sourcecode.swift; path = test.swift; sourceTree = "<group>"; };
		B7E2797D2BA1CEB600987C0A /* Navbar.swift */ = {isa = PBXFileReference; lastKnownFileType = sourcecode.swift; path = Navbar.swift; sourceTree = "<group>"; };
		B7E279862BA2487F00987C0A /* FestivalUtils.swift */ = {isa = PBXFileReference; lastKnownFileType = sourcecode.swift; path = FestivalUtils.swift; sourceTree = "<group>"; };
		B7E279882BA2684E00987C0A /* JeuViewModel.swift */ = {isa = PBXFileReference; lastKnownFileType = sourcecode.swift; path = JeuViewModel.swift; sourceTree = "<group>"; };
		B7E2798A2BA268FE00987C0A /* Espace.swift */ = {isa = PBXFileReference; lastKnownFileType = sourcecode.swift; path = Espace.swift; sourceTree = "<group>"; };
		B7E2798C2BA26B4700987C0A /* Jeu.swift */ = {isa = PBXFileReference; lastKnownFileType = sourcecode.swift; path = Jeu.swift; sourceTree = "<group>"; };
		B7E2798E2BA26D5400987C0A /* JeuEspaceResponse.swift */ = {isa = PBXFileReference; lastKnownFileType = sourcecode.swift; path = JeuEspaceResponse.swift; sourceTree = "<group>"; };
		B7E279902BA26F2F00987C0A /* JeuResponse.swift */ = {isa = PBXFileReference; lastKnownFileType = sourcecode.swift; path = JeuResponse.swift; sourceTree = "<group>"; };
		B7E279922BA270FD00987C0A /* EspaceDetailView.swift */ = {isa = PBXFileReference; lastKnownFileType = sourcecode.swift; path = EspaceDetailView.swift; sourceTree = "<group>"; };
/* End PBXFileReference section */

/* Begin PBXFrameworksBuildPhase section */
		B7E279252BA18E6F00987C0A /* Frameworks */ = {
			isa = PBXFrameworksBuildPhase;
			buildActionMask = 2147483647;
			files = (
			);
			runOnlyForDeploymentPostprocessing = 0;
		};
/* End PBXFrameworksBuildPhase section */

/* Begin PBXGroup section */
		B78FCD852BA21FDD00BA2159 /* ModelView */ = {
			isa = PBXGroup;
			children = (
				B78FCD862BA2202600BA2159 /* PosteViewModel.swift */,
				B7E279882BA2684E00987C0A /* JeuViewModel.swift */,
				B78FCD902BA2EB9100BA2159 /* InscriptionViewModel.swift */,
				B78FCD9E2BA399D700BA2159 /* NotificationsView.swift */,
				B7033FDE2BA9CE3F005E7FAC /* HebergementViewModel.swift */,
			);
			path = ModelView;
			sourceTree = "<group>";
		};
		B7A01A7F2BA84AB5002A0C03 /* Products */ = {
			isa = PBXGroup;
			name = Products;
			sourceTree = "<group>";
		};
		B7A01A922BA8566E002A0C03 /* Style */ = {
			isa = PBXGroup;
			children = (
				B7A01A932BA85684002A0C03 /* PrimaryButton.swift */,
			);
			path = Style;
			sourceTree = "<group>";
		};
		B7E2791F2BA18E6F00987C0A = {
			isa = PBXGroup;
			children = (
				B7A01A922BA8566E002A0C03 /* Style */,
				B7A01A8A2BA853B0002A0C03 /* placeholder.png */,
				B7A01A952BA857AB002A0C03 /* logo.png */,
				B7A01A7B2BA84A21002A0C03 /* FestivalAPP.xcodeproj */,
				B7E279852BA2486C00987C0A /* Utils */,
				B78FCD852BA21FDD00BA2159 /* ModelView */,
				B7E2797C2BA1CEA700987C0A /* Component */,
				B7E279762BA1A7DC00987C0A /* test.swift */,
				B7E2792D2BA18E6F00987C0A /* ContentView.swift */,
				B7E2792B2BA18E6F00987C0A /* MyApp.swift */,
				B7E2794D2BA1962200987C0A /* View */,
				B7E2794B2BA195BA00987C0A /* Response */,
				B7E279492BA1958C00987C0A /* Model */,
				B7E279292BA18E6F00987C0A /* Products */,
			);
			sourceTree = "<group>";
		};
		B7E279292BA18E6F00987C0A /* Products */ = {
			isa = PBXGroup;
			children = (
				B7E279282BA18E6F00987C0A /* FestivalAPP.app */,
			);
			name = Products;
			sourceTree = "<group>";
		};
		B7E279492BA1958C00987C0A /* Model */ = {
			isa = PBXGroup;
			children = (
				B78FCD802BA21E3900BA2159 /* Festival.swift */,
				B7E279472BA190EF00987C0A /* User.swift */,
				B78FCD822BA21E4300BA2159 /* Poste.swift */,
				B7E2798A2BA268FE00987C0A /* Espace.swift */,
				B7E2798C2BA26B4700987C0A /* Jeu.swift */,
				B78FCD922BA2EBD000BA2159 /* Inscription.swift */,
				B78FCD942BA2F97600BA2159 /* Creneau.swift */,
				B78FCDA02BA399F100BA2159 /* Notification.swift */,
				B7A01A6E2BA4A72F002A0C03 /* Supervision.swift */,
				B7033FE02BA9CE86005E7FAC /* Hebergement.swift */,
			);
			path = Model;
			sourceTree = "<group>";
		};
		B7E2794B2BA195BA00987C0A /* Response */ = {
			isa = PBXGroup;
			children = (
				B7E279412BA1905300987C0A /* LoginResponse.swift */,
				B78FCD882BA22D9700BA2159 /* FestivalResponse.swift */,
				B78FCD8A2BA2306700BA2159 /* PosteReponse.swift */,
				B7E2798E2BA26D5400987C0A /* JeuEspaceResponse.swift */,
				B7E279902BA26F2F00987C0A /* JeuResponse.swift */,
				B78FCD8E2BA2EB5E00BA2159 /* InscriptionResponse.swift */,
				B78FCD9C2BA3999A00BA2159 /* NotificationResponse.swift */,
				B7A01A702BA4A8A2002A0C03 /* SupervisionResponse.swift */,
				B7033FE22BA9CF8D005E7FAC /* HebergementResponse.swift */,
			);
			path = Response;
			sourceTree = "<group>";
		};
		B7E2794D2BA1962200987C0A /* View */ = {
			isa = PBXGroup;
			children = (
				B7E2793D2BA18FF000987C0A /* ListeJeuView.swift */,
				B7E279392BA18FBB00987C0A /* InscrireView.swift */,
				B7E279452BA190BE00987C0A /* ProfilView.swift */,
				B7E2793B2BA18FD800987C0A /* ListeInscriptionView.swift */,
				B7E2793F2BA1903600987C0A /* ListePosteView.swift */,
				B78FCD8C2BA23AFC00BA2159 /* PosteDetailView.swift */,
				B7E279922BA270FD00987C0A /* EspaceDetailView.swift */,
				B78FCD962BA3145500BA2159 /* FestivalView.swift */,
				B78FCD9A2BA3997600BA2159 /* NotificationView.swift */,
				B7A01A902BA85629002A0C03 /* LoginView.swift */,
				B7033FDC2BA9CE12005E7FAC /* ListeHebergementView.swift */,
				B7033FE42BAA201D005E7FAC /* CreateHebergementView.swift */,
			);
			path = View;
			sourceTree = "<group>";
		};
		B7E2797C2BA1CEA700987C0A /* Component */ = {
			isa = PBXGroup;
			children = (
				B7E2797D2BA1CEB600987C0A /* Navbar.swift */,
			);
			path = Component;
			sourceTree = "<group>";
		};
		B7E279852BA2486C00987C0A /* Utils */ = {
			isa = PBXGroup;
			children = (
				B7E279862BA2487F00987C0A /* FestivalUtils.swift */,
			);
			path = Utils;
			sourceTree = "<group>";
		};
/* End PBXGroup section */

/* Begin PBXNativeTarget section */
		B7E279272BA18E6F00987C0A /* FestivalAPP */ = {
			isa = PBXNativeTarget;
			buildConfigurationList = B7E279362BA18E7200987C0A /* Build configuration list for PBXNativeTarget "FestivalAPP" */;
			buildPhases = (
				B7E279242BA18E6F00987C0A /* Sources */,
				B7E279252BA18E6F00987C0A /* Frameworks */,
				B7E279262BA18E6F00987C0A /* Resources */,
			);
			buildRules = (
			);
			dependencies = (
			);
			name = FestivalAPP;
			productName = festival;
			productReference = B7E279282BA18E6F00987C0A /* FestivalAPP.app */;
			productType = "com.apple.product-type.application";
		};
/* End PBXNativeTarget section */

/* Begin PBXProject section */
		B7E279202BA18E6F00987C0A /* Project object */ = {
			isa = PBXProject;
			attributes = {
				BuildIndependentTargetsInParallel = 1;
				LastSwiftUpdateCheck = 1420;
				LastUpgradeCheck = 1420;
				TargetAttributes = {
					B7E279272BA18E6F00987C0A = {
						CreatedOnToolsVersion = 14.2;
					};
				};
			};
			buildConfigurationList = B7E279232BA18E6F00987C0A /* Build configuration list for PBXProject "FestivalAPP" */;
			compatibilityVersion = "Xcode 14.0";
			developmentRegion = en;
			hasScannedForEncodings = 0;
			knownRegions = (
				en,
				Base,
			);
			mainGroup = B7E2791F2BA18E6F00987C0A;
			productRefGroup = B7E279292BA18E6F00987C0A /* Products */;
			projectDirPath = "";
			projectReferences = (
				{
					ProductGroup = B7A01A7F2BA84AB5002A0C03 /* Products */;
					ProjectRef = B7A01A7B2BA84A21002A0C03 /* FestivalAPP.xcodeproj */;
				},
			);
			projectRoot = "";
			targets = (
				B7E279272BA18E6F00987C0A /* FestivalAPP */,
			);
		};
/* End PBXProject section */

/* Begin PBXResourcesBuildPhase section */
		B7E279262BA18E6F00987C0A /* Resources */ = {
			isa = PBXResourcesBuildPhase;
			buildActionMask = 2147483647;
			files = (
				B7A01A962BA857AB002A0C03 /* logo.png in Resources */,
				B7A01A8B2BA853B0002A0C03 /* placeholder.png in Resources */,
				B7A01A7C2BA84A21002A0C03 /* FestivalAPP.xcodeproj in Resources */,
			);
			runOnlyForDeploymentPostprocessing = 0;
		};
/* End PBXResourcesBuildPhase section */

/* Begin PBXSourcesBuildPhase section */
		B7E279242BA18E6F00987C0A /* Sources */ = {
			isa = PBXSourcesBuildPhase;
			buildActionMask = 2147483647;
			files = (
				B78FCD972BA3145500BA2159 /* FestivalView.swift in Sources */,
				B78FCD9D2BA3999A00BA2159 /* NotificationResponse.swift in Sources */,
				B7033FE12BA9CE86005E7FAC /* Hebergement.swift in Sources */,
				B78FCD832BA21E4300BA2159 /* Poste.swift in Sources */,
				B78FCD912BA2EB9100BA2159 /* InscriptionViewModel.swift in Sources */,
				B7E279872BA2487F00987C0A /* FestivalUtils.swift in Sources */,
				B7E279892BA2684E00987C0A /* JeuViewModel.swift in Sources */,
				B7E2792E2BA18E6F00987C0A /* ContentView.swift in Sources */,
				B78FCD9F2BA399D700BA2159 /* NotificationsView.swift in Sources */,
				B78FCDA12BA399F100BA2159 /* Notification.swift in Sources */,
				B7E2798D2BA26B4700987C0A /* Jeu.swift in Sources */,
				B78FCD932BA2EBD000BA2159 /* Inscription.swift in Sources */,
				B78FCD872BA2202600BA2159 /* PosteViewModel.swift in Sources */,
				B7E2792C2BA18E6F00987C0A /* MyApp.swift in Sources */,
				B78FCD8B2BA2306700BA2159 /* PosteReponse.swift in Sources */,
				B7E2793A2BA18FBB00987C0A /* InscrireView.swift in Sources */,
				B7E279912BA26F2F00987C0A /* JeuResponse.swift in Sources */,
				B78FCD8F2BA2EB5E00BA2159 /* InscriptionResponse.swift in Sources */,
				B7E279772BA1A7DC00987C0A /* test.swift in Sources */,
				B78FCD8D2BA23AFC00BA2159 /* PosteDetailView.swift in Sources */,
				B78FCD952BA2F97600BA2159 /* Creneau.swift in Sources */,
				B7E2793E2BA18FF000987C0A /* ListeJeuView.swift in Sources */,
				B7033FE32BA9CF8D005E7FAC /* HebergementResponse.swift in Sources */,
				B7A01A712BA4A8A2002A0C03 /* SupervisionResponse.swift in Sources */,
				B7E279462BA190BE00987C0A /* ProfilView.swift in Sources */,
				B7E279402BA1903600987C0A /* ListePosteView.swift in Sources */,
				B7E2798F2BA26D5400987C0A /* JeuEspaceResponse.swift in Sources */,
				B7033FE52BAA201D005E7FAC /* CreateHebergementView.swift in Sources */,
				B7E279932BA270FD00987C0A /* EspaceDetailView.swift in Sources */,
				B7E2797E2BA1CEB600987C0A /* Navbar.swift in Sources */,
				B7033FDD2BA9CE12005E7FAC /* ListeHebergementView.swift in Sources */,
				B7E2793C2BA18FD800987C0A /* ListeInscriptionView.swift in Sources */,
				B7E279482BA190EF00987C0A /* User.swift in Sources */,
				B78FCD892BA22D9700BA2159 /* FestivalResponse.swift in Sources */,
				B7A01A912BA85629002A0C03 /* LoginView.swift in Sources */,
				B7E2798B2BA268FE00987C0A /* Espace.swift in Sources */,
				B7033FDF2BA9CE3F005E7FAC /* HebergementViewModel.swift in Sources */,
				B7E279422BA1905300987C0A /* LoginResponse.swift in Sources */,
				B78FCD812BA21E3900BA2159 /* Festival.swift in Sources */,
				B78FCD9B2BA3997600BA2159 /* NotificationView.swift in Sources */,
				B7A01A942BA85684002A0C03 /* PrimaryButton.swift in Sources */,
				B7A01A6F2BA4A72F002A0C03 /* Supervision.swift in Sources */,
			);
			runOnlyForDeploymentPostprocessing = 0;
		};
/* End PBXSourcesBuildPhase section */

/* Begin XCBuildConfiguration section */
		B7E279342BA18E7200987C0A /* Debug */ = {
			isa = XCBuildConfiguration;
			buildSettings = {
				ALWAYS_SEARCH_USER_PATHS = NO;
				CLANG_ANALYZER_NONNULL = YES;
				CLANG_ANALYZER_NUMBER_OBJECT_CONVERSION = YES_AGGRESSIVE;
				CLANG_CXX_LANGUAGE_STANDARD = "gnu++20";
				CLANG_ENABLE_MODULES = YES;
				CLANG_ENABLE_OBJC_ARC = YES;
				CLANG_ENABLE_OBJC_WEAK = YES;
				CLANG_WARN_BLOCK_CAPTURE_AUTORELEASING = YES;
				CLANG_WARN_BOOL_CONVERSION = YES;
				CLANG_WARN_COMMA = YES;
				CLANG_WARN_CONSTANT_CONVERSION = YES;
				CLANG_WARN_DEPRECATED_OBJC_IMPLEMENTATIONS = YES;
				CLANG_WARN_DIRECT_OBJC_ISA_USAGE = YES_ERROR;
				CLANG_WARN_DOCUMENTATION_COMMENTS = YES;
				CLANG_WARN_EMPTY_BODY = YES;
				CLANG_WARN_ENUM_CONVERSION = YES;
				CLANG_WARN_INFINITE_RECURSION = YES;
				CLANG_WARN_INT_CONVERSION = YES;
				CLANG_WARN_NON_LITERAL_NULL_CONVERSION = YES;
				CLANG_WARN_OBJC_IMPLICIT_RETAIN_SELF = YES;
				CLANG_WARN_OBJC_LITERAL_CONVERSION = YES;
				CLANG_WARN_OBJC_ROOT_CLASS = YES_ERROR;
				CLANG_WARN_QUOTED_INCLUDE_IN_FRAMEWORK_HEADER = YES;
				CLANG_WARN_RANGE_LOOP_ANALYSIS = YES;
				CLANG_WARN_STRICT_PROTOTYPES = YES;
				CLANG_WARN_SUSPICIOUS_MOVE = YES;
				CLANG_WARN_UNGUARDED_AVAILABILITY = YES_AGGRESSIVE;
				CLANG_WARN_UNREACHABLE_CODE = YES;
				CLANG_WARN__DUPLICATE_METHOD_MATCH = YES;
				COPY_PHASE_STRIP = NO;
				DEBUG_INFORMATION_FORMAT = dwarf;
				ENABLE_STRICT_OBJC_MSGSEND = YES;
				ENABLE_TESTABILITY = YES;
				GCC_C_LANGUAGE_STANDARD = gnu11;
				GCC_DYNAMIC_NO_PIC = NO;
				GCC_NO_COMMON_BLOCKS = YES;
				GCC_OPTIMIZATION_LEVEL = 0;
				GCC_PREPROCESSOR_DEFINITIONS = (
					"DEBUG=1",
					"$(inherited)",
				);
				GCC_WARN_64_TO_32_BIT_CONVERSION = YES;
				GCC_WARN_ABOUT_RETURN_TYPE = YES_ERROR;
				GCC_WARN_UNDECLARED_SELECTOR = YES;
				GCC_WARN_UNINITIALIZED_AUTOS = YES_AGGRESSIVE;
				GCC_WARN_UNUSED_FUNCTION = YES;
				GCC_WARN_UNUSED_VARIABLE = YES;
				IPHONEOS_DEPLOYMENT_TARGET = 16.2;
				MTL_ENABLE_DEBUG_INFO = INCLUDE_SOURCE;
				MTL_FAST_MATH = YES;
				ONLY_ACTIVE_ARCH = YES;
				SDKROOT = iphoneos;
				SWIFT_ACTIVE_COMPILATION_CONDITIONS = DEBUG;
				SWIFT_OPTIMIZATION_LEVEL = "-Onone";
			};
			name = Debug;
		};
		B7E279352BA18E7200987C0A /* Release */ = {
			isa = XCBuildConfiguration;
			buildSettings = {
				ALWAYS_SEARCH_USER_PATHS = NO;
				CLANG_ANALYZER_NONNULL = YES;
				CLANG_ANALYZER_NUMBER_OBJECT_CONVERSION = YES_AGGRESSIVE;
				CLANG_CXX_LANGUAGE_STANDARD = "gnu++20";
				CLANG_ENABLE_MODULES = YES;
				CLANG_ENABLE_OBJC_ARC = YES;
				CLANG_ENABLE_OBJC_WEAK = YES;
				CLANG_WARN_BLOCK_CAPTURE_AUTORELEASING = YES;
				CLANG_WARN_BOOL_CONVERSION = YES;
				CLANG_WARN_COMMA = YES;
				CLANG_WARN_CONSTANT_CONVERSION = YES;
				CLANG_WARN_DEPRECATED_OBJC_IMPLEMENTATIONS = YES;
				CLANG_WARN_DIRECT_OBJC_ISA_USAGE = YES_ERROR;
				CLANG_WARN_DOCUMENTATION_COMMENTS = YES;
				CLANG_WARN_EMPTY_BODY = YES;
				CLANG_WARN_ENUM_CONVERSION = YES;
				CLANG_WARN_INFINITE_RECURSION = YES;
				CLANG_WARN_INT_CONVERSION = YES;
				CLANG_WARN_NON_LITERAL_NULL_CONVERSION = YES;
				CLANG_WARN_OBJC_IMPLICIT_RETAIN_SELF = YES;
				CLANG_WARN_OBJC_LITERAL_CONVERSION = YES;
				CLANG_WARN_OBJC_ROOT_CLASS = YES_ERROR;
				CLANG_WARN_QUOTED_INCLUDE_IN_FRAMEWORK_HEADER = YES;
				CLANG_WARN_RANGE_LOOP_ANALYSIS = YES;
				CLANG_WARN_STRICT_PROTOTYPES = YES;
				CLANG_WARN_SUSPICIOUS_MOVE = YES;
				CLANG_WARN_UNGUARDED_AVAILABILITY = YES_AGGRESSIVE;
				CLANG_WARN_UNREACHABLE_CODE = YES;
				CLANG_WARN__DUPLICATE_METHOD_MATCH = YES;
				COPY_PHASE_STRIP = NO;
				DEBUG_INFORMATION_FORMAT = "dwarf-with-dsym";
				ENABLE_NS_ASSERTIONS = NO;
				ENABLE_STRICT_OBJC_MSGSEND = YES;
				GCC_C_LANGUAGE_STANDARD = gnu11;
				GCC_NO_COMMON_BLOCKS = YES;
				GCC_WARN_64_TO_32_BIT_CONVERSION = YES;
				GCC_WARN_ABOUT_RETURN_TYPE = YES_ERROR;
				GCC_WARN_UNDECLARED_SELECTOR = YES;
				GCC_WARN_UNINITIALIZED_AUTOS = YES_AGGRESSIVE;
				GCC_WARN_UNUSED_FUNCTION = YES;
				GCC_WARN_UNUSED_VARIABLE = YES;
				IPHONEOS_DEPLOYMENT_TARGET = 16.2;
				MTL_ENABLE_DEBUG_INFO = NO;
				MTL_FAST_MATH = YES;
				SDKROOT = iphoneos;
				SWIFT_COMPILATION_MODE = wholemodule;
				SWIFT_OPTIMIZATION_LEVEL = "-O";
				VALIDATE_PRODUCT = YES;
			};
			name = Release;
		};
		B7E279372BA18E7200987C0A /* Debug */ = {
			isa = XCBuildConfiguration;
			buildSettings = {
				ASSETCATALOG_COMPILER_APPICON_NAME = AppIcon;
				ASSETCATALOG_COMPILER_GLOBAL_ACCENT_COLOR_NAME = AccentColor;
				CODE_SIGN_STYLE = Automatic;
				CURRENT_PROJECT_VERSION = 1;
				DEVELOPMENT_ASSET_PATHS = "";
				ENABLE_PREVIEWS = YES;
				GENERATE_INFOPLIST_FILE = YES;
				INFOPLIST_KEY_UIApplicationSceneManifest_Generation = YES;
				INFOPLIST_KEY_UIApplicationSupportsIndirectInputEvents = YES;
				INFOPLIST_KEY_UILaunchScreen_Generation = YES;
				INFOPLIST_KEY_UISupportedInterfaceOrientations_iPad = "UIInterfaceOrientationPortrait UIInterfaceOrientationPortraitUpsideDown UIInterfaceOrientationLandscapeLeft UIInterfaceOrientationLandscapeRight";
				INFOPLIST_KEY_UISupportedInterfaceOrientations_iPhone = "UIInterfaceOrientationPortrait UIInterfaceOrientationLandscapeLeft UIInterfaceOrientationLandscapeRight";
				LD_RUNPATH_SEARCH_PATHS = (
					"$(inherited)",
					"@executable_path/Frameworks",
				);
				MARKETING_VERSION = 1.0;
				PRODUCT_BUNDLE_IDENTIFIER = Polytech.festival;
				PRODUCT_NAME = "$(TARGET_NAME)";
				SWIFT_EMIT_LOC_STRINGS = YES;
				SWIFT_VERSION = 5.0;
				TARGETED_DEVICE_FAMILY = "1,2";
			};
			name = Debug;
		};
		B7E279382BA18E7200987C0A /* Release */ = {
			isa = XCBuildConfiguration;
			buildSettings = {
				ASSETCATALOG_COMPILER_APPICON_NAME = AppIcon;
				ASSETCATALOG_COMPILER_GLOBAL_ACCENT_COLOR_NAME = AccentColor;
				CODE_SIGN_STYLE = Automatic;
				CURRENT_PROJECT_VERSION = 1;
				DEVELOPMENT_ASSET_PATHS = "";
				ENABLE_PREVIEWS = YES;
				GENERATE_INFOPLIST_FILE = YES;
				INFOPLIST_KEY_UIApplicationSceneManifest_Generation = YES;
				INFOPLIST_KEY_UIApplicationSupportsIndirectInputEvents = YES;
				INFOPLIST_KEY_UILaunchScreen_Generation = YES;
				INFOPLIST_KEY_UISupportedInterfaceOrientations_iPad = "UIInterfaceOrientationPortrait UIInterfaceOrientationPortraitUpsideDown UIInterfaceOrientationLandscapeLeft UIInterfaceOrientationLandscapeRight";
				INFOPLIST_KEY_UISupportedInterfaceOrientations_iPhone = "UIInterfaceOrientationPortrait UIInterfaceOrientationLandscapeLeft UIInterfaceOrientationLandscapeRight";
				LD_RUNPATH_SEARCH_PATHS = (
					"$(inherited)",
					"@executable_path/Frameworks",
				);
				MARKETING_VERSION = 1.0;
				PRODUCT_BUNDLE_IDENTIFIER = Polytech.festival;
				PRODUCT_NAME = "$(TARGET_NAME)";
				SWIFT_EMIT_LOC_STRINGS = YES;
				SWIFT_VERSION = 5.0;
				TARGETED_DEVICE_FAMILY = "1,2";
			};
			name = Release;
		};
/* End XCBuildConfiguration section */

/* Begin XCConfigurationList section */
		B7E279232BA18E6F00987C0A /* Build configuration list for PBXProject "FestivalAPP" */ = {
			isa = XCConfigurationList;
			buildConfigurations = (
				B7E279342BA18E7200987C0A /* Debug */,
				B7E279352BA18E7200987C0A /* Release */,
			);
			defaultConfigurationIsVisible = 0;
			defaultConfigurationName = Release;
		};
		B7E279362BA18E7200987C0A /* Build configuration list for PBXNativeTarget "FestivalAPP" */ = {
			isa = XCConfigurationList;
			buildConfigurations = (
				B7E279372BA18E7200987C0A /* Debug */,
				B7E279382BA18E7200987C0A /* Release */,
			);
			defaultConfigurationIsVisible = 0;
			defaultConfigurationName = Release;
		};
/* End XCConfigurationList section */
	};
	rootObject = B7E279202BA18E6F00987C0A /* Project object */;
}
